# elm.lock — generated by elm-lang; do not edit by hand
lockfileVersion 1
elm/browser 1.0.2 sha256-2YFvAUfOGP++ZafCqLCK6q1CHC839LC/7qH/YhpB27o=
elm/bytes 1.0.8 sha256-MQF3xTZbndC3jKe/bBm5cLWC8zVgenZabvD0ml5SgpE=
elm/core 1.0.5 sha256-TdEum/p8rkhEDqVtJHBn+38bq6mmdh4DQVK/WhJ/dQg=
elm/file 1.0.5 sha256-eHV4J65npKRpxWEDM0fFU94nHjo9YHZK3PBnBj8RklY=
elm/html 1.0.0 sha256-stuO4twclZv3bnmUZH8qWhWDSlsXJ4Oxo5laKStM/ZI=
elm/http 2.0.0 sha256-+HvoOOn3/FNM+SbLkzND2sGAjune3yl9MPfCpDnrl5Y=
elm/json 1.1.4 sha256-cGEv7KVenoxYkULwdFQNn02hoZotsjokQJRb0wN9H2M=
elm/time 1.0.0 sha256-ec/4e1/Nr6uvbNhyhdr0KTq/6TVR5jtBKdwv2xWSQ4Q=
elm/url 1.0.0 sha256-/xOE0MW7l5rsRKJCqML4smHpi/6l0Q7QyG92NZzVMRI=
elm/virtual-dom 1.0.5 sha256-HZBO0Y3689OMNicNiapeSAYvkYUDP6SkYLNh2dimGuY=
gicentre/elm-vega 5.7.1 sha256-flSIYwn/MzjO/qrs7bZru7gydVCjy1U0Qm7sRBTq85Q=
